
Microsoft Visual Studio Solution File, Format Version 12.00
# Visual Studio Version 17
VisualStudioVersion = 17.5.33516.290
MinimumVisualStudioVersion = 10.0.40219.1
Project("{FAE04EC0-301F-11D3-BF4B-00C04F79EFBC}") = "VisGo-API", "VisGo-API\VisGo-API.csproj", "{CADEDAC5-97C6-41E7-9B1D-A7227A8EBE65}"
EndProject
Global
	GlobalSection(SolutionConfigurationPlatforms) = preSolution
		Debug|Any CPU = Debug|Any CPU
		Release|Any CPU = Release|Any CPU
	EndGlobalSection
	GlobalSection(ProjectConfigurationPlatforms) = postSolution
		{CADEDAC5-97C6-41E7-9B1D-A7227A8EBE65}.Debug|Any CPU.ActiveCfg = Debug|Any CPU
		{CADEDAC5-97C6-41E7-9B1D-A7227A8EBE65}.Debug|Any CPU.Build.0 = Debug|Any CPU
		{CADEDAC5-97C6-41E7-9B1D-A7227A8EBE65}.Release|Any CPU.ActiveCfg = Release|Any CPU
		{CADEDAC5-97C6-41E7-9B1D-A7227A8EBE65}.Release|Any CPU.Build.0 = Release|Any CPU
	EndGlobalSection
	GlobalSection(SolutionProperties) = preSolution
		HideSolutionNode = FALSE
	EndGlobalSection
	GlobalSection(ExtensibilityGlobals) = postSolution
		SolutionGuid = {98EACA34-D21F-4A75-BA86-FD1DF11E07E0}
	EndGlobalSection
EndGlobal
